
Microsoft Visual Studio Solution File, Format Version 12.00
# Visual Studio Version 17
VisualStudioVersion = 17.8.34330.188
MinimumVisualStudioVersion = 10.0.40219.1
Project("{FAE04EC0-301F-11D3-BF4B-00C04F79EFBC}") = "eTickets", "eTickets\eTickets.csproj", "{D1B70AAE-4B78-4FE5-A1DE-2F02B9B867A3}"
EndProject
Global
	GlobalSection(SolutionConfigurationPlatforms) = preSolution
		Debug|Any CPU = Debug|Any CPU
		Release|Any CPU = Release|Any CPU
	EndGlobalSection
	GlobalSection(ProjectConfigurationPlatforms) = postSolution
		{D1B70AAE-4B78-4FE5-A1DE-2F02B9B867A3}.Debug|Any CPU.ActiveCfg = Debug|Any CPU
		{D1B70AAE-4B78-4FE5-A1DE-2F02B9B867A3}.Debug|Any CPU.Build.0 = Debug|Any CPU
		{D1B70AAE-4B78-4FE5-A1DE-2F02B9B867A3}.Release|Any CPU.ActiveCfg = Release|Any CPU
		{D1B70AAE-4B78-4FE5-A1DE-2F02B9B867A3}.Release|Any CPU.Build.0 = Release|Any CPU
	EndGlobalSection
	GlobalSection(SolutionProperties) = preSolution
		HideSolutionNode = FALSE
	EndGlobalSection
	GlobalSection(ExtensibilityGlobals) = postSolution
		SolutionGuid = {09DBF91E-1476-407F-AB9A-C29CA550A116}
	EndGlobalSection
EndGlobal
